// !$*UTF8*$!
{
	archiveVersion = 1;
	classes = {
	};
	objectVersion = 77;
	objects = {

/* Begin PBXBuildFile section */
		1B2A4B9E2DD52F1800F85707 /* Config.xcconfig in Resources */ = {isa = PBXBuildFile; fileRef = 1B2A4B9D2DD52F1800F85707 /* Config.xcconfig */; };
		1B7D2A422D8F94EE0062D053 /* process_label.sh in Resources */ = {isa = PBXBuildFile; fileRef = 1B7D2A412D8F94EE0062D053 /* process_label.sh */; };
		1BB046FE2D899E64004B6F3E /* Ink in Frameworks */ = {isa = PBXBuildFile; productRef = 1BB046FD2D899E64004B6F3E /* Ink */; };
		1BB0472A2D8A37F1004B6F3E /* LICENSE.md in Resources */ = {isa = PBXBuildFile; fileRef = 1BB047292D8A37F1004B6F3E /* LICENSE.md */; };
		1BB0472C2D8A406A004B6F3E /* entra-app-setup.md in Resources */ = {isa = PBXBuildFile; fileRef = 1BB0472B2D8A406A004B6F3E /* entra-app-setup.md */; };
/* End PBXBuildFile section */

/* Begin PBXContainerItemProxy section */
		1B4FFF052DFA6BC700A1DC34 /* PBXContainerItemProxy */ = {
			isa = PBXContainerItemProxy;
			containerPortal = 1BB046482D81321F004B6F3E /* Project object */;
			proxyType = 1;
			remoteGlobalIDString = 1BB046652D81324E004B6F3E;
			remoteInfo = IntuneomatorService;
		};
		1B4FFF072DFA6BC700A1DC34 /* PBXContainerItemProxy */ = {
			isa = PBXContainerItemProxy;
			containerPortal = 1BB046482D81321F004B6F3E /* Project object */;
			proxyType = 1;
			remoteGlobalIDString = 1B9DD88C2DDD759C005ECE05;
			remoteInfo = IntuneomatorUpdater;
		};
/* End PBXContainerItemProxy section */

/* Begin PBXCopyFilesBuildPhase section */
		1B9DD88B2DDD759C005ECE05 /* CopyFiles */ = {
			isa = PBXCopyFilesBuildPhase;
			buildActionMask = 2147483647;
			dstPath = /usr/share/man/man1/;
			dstSubfolderSpec = 0;
			files = (
			);
			runOnlyForDeploymentPostprocessing = 1;
		};
		1BB046642D81324E004B6F3E /* CopyFiles */ = {
			isa = PBXCopyFilesBuildPhase;
			buildActionMask = 2147483647;
			dstPath = /usr/share/man/man1/;
			dstSubfolderSpec = 0;
			files = (
			);
			runOnlyForDeploymentPostprocessing = 1;
		};
/* End PBXCopyFilesBuildPhase section */

/* Begin PBXFileReference section */
		1B2A4B9D2DD52F1800F85707 /* Config.xcconfig */ = {isa = PBXFileReference; lastKnownFileType = text.xcconfig; path = Config.xcconfig; sourceTree = "<group>"; };
		1B7D2A412D8F94EE0062D053 /* process_label.sh */ = {isa = PBXFileReference; lastKnownFileType = text.script.sh; path = process_label.sh; sourceTree = "<group>"; };
		1B9DD88D2DDD759C005ECE05 /* IntuneomatorUpdater */ = {isa = PBXFileReference; explicitFileType = "compiled.mach-o.executable"; includeInIndex = 0; path = IntuneomatorUpdater; sourceTree = BUILT_PRODUCTS_DIR; };
		1B9DD8952DDD798E005ECE05 /* libproc.tbd */ = {isa = PBXFileReference; lastKnownFileType = "sourcecode.text-based-dylib-definition"; name = libproc.tbd; path = usr/lib/libproc.tbd; sourceTree = SDKROOT; };
		1B9DD8962DDD79AC005ECE05 /* libswiftDarwin.tbd */ = {isa = PBXFileReference; lastKnownFileType = "sourcecode.text-based-dylib-definition"; name = libswiftDarwin.tbd; path = usr/lib/swift/libswiftDarwin.tbd; sourceTree = SDKROOT; };
		1BB046502D81321F004B6F3E /* Intuneomator.app */ = {isa = PBXFileReference; explicitFileType = wrapper.application; includeInIndex = 0; path = Intuneomator.app; sourceTree = BUILT_PRODUCTS_DIR; };
		1BB046662D81324E004B6F3E /* IntuneomatorService */ = {isa = PBXFileReference; explicitFileType = "compiled.mach-o.executable"; includeInIndex = 0; path = IntuneomatorService; sourceTree = BUILT_PRODUCTS_DIR; };
		1BB047292D8A37F1004B6F3E /* LICENSE.md */ = {isa = PBXFileReference; lastKnownFileType = net.daringfireball.markdown; path = LICENSE.md; sourceTree = "<group>"; };
		1BB0472B2D8A406A004B6F3E /* entra-app-setup.md */ = {isa = PBXFileReference; lastKnownFileType = net.daringfireball.markdown; path = "entra-app-setup.md"; sourceTree = "<group>"; };
/* End PBXFileReference section */

/* Begin PBXFileSystemSynchronizedBuildFileExceptionSet section */
		1B4FFF092DFA6BDD00A1DC34 /* Exceptions for "LaunchDaemon" folder in "Intuneomator" target */ = {
			isa = PBXFileSystemSynchronizedBuildFileExceptionSet;
			membershipExceptions = (
				com.gilburns.intuneomator.automation.plist,
				com.gilburns.intuneomator.cachecleaner.plist,
				com.gilburns.intuneomator.labelupdater.plist,
				com.gilburns.intuneomator.ondemand.plist,
				com.gilburns.intuneomator.service.plist,
			);
			target = 1BB0464F2D81321F004B6F3E /* Intuneomator */;
		};
		1B9DD8A42DDE1907005ECE05 /* Exceptions for "SharedCode" folder in "IntuneomatorUpdater" target */ = {
			isa = PBXFileSystemSynchronizedBuildFileExceptionSet;
			membershipExceptions = (
				ConfigManager.swift,
				CVEFetcher.swift,
				CVEFetcherError.swift,
				Extensions.swift,
				Logging.swift,
				LogManagerUtil.swift,
			);
			target = 1B9DD88C2DDD759C005ECE05 /* IntuneomatorUpdater */;
		};
		1B9DDA432DE9F0A3005ECE05 /* Exceptions for "Constants" folder in "IntuneomatorService" target */ = {
			isa = PBXFileSystemSynchronizedBuildFileExceptionSet;
			membershipExceptions = (
				Constants.swift,
				"Constants+AppConstants.swift",
				"Constants+AppInfo.swift",
				"Constants+CertificateInfo.swift",
				"Constants+CVEFetcher.swift",
				"Constants+DetectedApp.swift",
				"Constants+IntuneServiceError.swift",
				"Constants+LabelInfo.swift",
				"Constants+Metadata.swift",
				"Constants+PlistData.swift",
				"Constants+ProcessedAppResults.swift",
				"Constants+Settings.swift",
			);
			target = 1BB046652D81324E004B6F3E /* IntuneomatorService */;
		};
		1B9DDA442DE9F0A3005ECE05 /* Exceptions for "Constants" folder in "IntuneomatorUpdater" target */ = {
			isa = PBXFileSystemSynchronizedBuildFileExceptionSet;
			membershipExceptions = (
				Constants.swift,
				"Constants+AppConstants.swift",
				"Constants+CVEFetcher.swift",
			);
			target = 1B9DD88C2DDD759C005ECE05 /* IntuneomatorUpdater */;
		};
		1BB046722D822B48004B6F3E /* Exceptions for "SharedCode" folder in "IntuneomatorService" target */ = {
			isa = PBXFileSystemSynchronizedBuildFileExceptionSet;
			membershipExceptions = (
				"App Dmg Pkg/AppInspector.swift",
				"App Dmg Pkg/DMGCreator.swift",
				"App Dmg Pkg/PKGCreator.swift",
				"App Dmg Pkg/PKGCreatorUniversal.swift",
				"App Dmg Pkg/PkgInspector.swift",
				"App Dmg Pkg/SignatureInspector.swift",
				AutomationCheck.swift,
				ConfigManager.swift,
				CVEFetcher.swift,
				CVEFetcherError.swift,
				Extensions.swift,
				FileFolderManagerUtil.swift,
				InstallomatorLabels.swift,
				Logging.swift,
				LogManagerUtil.swift,
				Weekday.swift,
				XPCServiceProtocol.swift,
			);
			target = 1BB046652D81324E004B6F3E /* IntuneomatorService */;
		};
		1BCDDC432DF10614004F7C25 /* Exceptions for "IntuneomatorService" folder in "IntuneomatorUpdater" target */ = {
			isa = PBXFileSystemSynchronizedBuildFileExceptionSet;
			membershipExceptions = (
				TeamsNotifier/TeamsNotifier.swift,
				"TeamsNotifier/TeamsNotifier+NotifyUpdate.swift",
				"TeamsNotifier/TeamsNotifier+NotifyUpdateAvailable.swift",
			);
			target = 1B9DD88C2DDD759C005ECE05 /* IntuneomatorUpdater */;
		};
/* End PBXFileSystemSynchronizedBuildFileExceptionSet section */

/* Begin PBXFileSystemSynchronizedRootGroup section */
		1B9DD84F2DDCE006005ECE05 /* Package */ = {
			isa = PBXFileSystemSynchronizedRootGroup;
			path = Package;
			sourceTree = "<group>";
		};
		1B9DD88E2DDD759C005ECE05 /* IntuneomatorUpdater */ = {
			isa = PBXFileSystemSynchronizedRootGroup;
			path = IntuneomatorUpdater;
			sourceTree = "<group>";
		};
		1B9DDA392DE9F085005ECE05 /* Constants */ = {
			isa = PBXFileSystemSynchronizedRootGroup;
			exceptions = (
				1B9DDA432DE9F0A3005ECE05 /* Exceptions for "Constants" folder in "IntuneomatorService" target */,
				1B9DDA442DE9F0A3005ECE05 /* Exceptions for "Constants" folder in "IntuneomatorUpdater" target */,
			);
			path = Constants;
			sourceTree = "<group>";
		};
		1BB046522D81321F004B6F3E /* Intuneomator */ = {
			isa = PBXFileSystemSynchronizedRootGroup;
			path = Intuneomator;
			sourceTree = "<group>";
		};
		1BB0466D2D822AFF004B6F3E /* SharedCode */ = {
			isa = PBXFileSystemSynchronizedRootGroup;
			exceptions = (
				1BB046722D822B48004B6F3E /* Exceptions for "SharedCode" folder in "IntuneomatorService" target */,
				1B9DD8A42DDE1907005ECE05 /* Exceptions for "SharedCode" folder in "IntuneomatorUpdater" target */,
			);
			path = SharedCode;
			sourceTree = "<group>";
		};
		1BB046AC2D872F90004B6F3E /* LaunchDaemon */ = {
			isa = PBXFileSystemSynchronizedRootGroup;
			exceptions = (
				1B4FFF092DFA6BDD00A1DC34 /* Exceptions for "LaunchDaemon" folder in "Intuneomator" target */,
			);
			path = LaunchDaemon;
			sourceTree = "<group>";
		};
		1BCDDB402DF10206004F7C25 /* IntuneomatorService */ = {
			isa = PBXFileSystemSynchronizedRootGroup;
			exceptions = (
				1BCDDC432DF10614004F7C25 /* Exceptions for "IntuneomatorService" folder in "IntuneomatorUpdater" target */,
			);
			path = IntuneomatorService;
			sourceTree = "<group>";
		};
/* End PBXFileSystemSynchronizedRootGroup section */

/* Begin PBXFrameworksBuildPhase section */
		1B9DD88A2DDD759C005ECE05 /* Frameworks */ = {
			isa = PBXFrameworksBuildPhase;
			buildActionMask = 2147483647;
			files = (
			);
			runOnlyForDeploymentPostprocessing = 0;
		};
		1BB0464D2D81321F004B6F3E /* Frameworks */ = {
			isa = PBXFrameworksBuildPhase;
			buildActionMask = 2147483647;
			files = (
				1BB046FE2D899E64004B6F3E /* Ink in Frameworks */,
			);
			runOnlyForDeploymentPostprocessing = 0;
		};
		1BB046632D81324E004B6F3E /* Frameworks */ = {
			isa = PBXFrameworksBuildPhase;
			buildActionMask = 2147483647;
			files = (
			);
			runOnlyForDeploymentPostprocessing = 0;
		};
/* End PBXFrameworksBuildPhase section */

/* Begin PBXGroup section */
		1B9DD8942DDD798E005ECE05 /* Frameworks */ = {
			isa = PBXGroup;
			children = (
				1B9DD8962DDD79AC005ECE05 /* libswiftDarwin.tbd */,
				1B9DD8952DDD798E005ECE05 /* libproc.tbd */,
			);
			name = Frameworks;
			sourceTree = "<group>";
		};
		1BB046472D81321F004B6F3E = {
			isa = PBXGroup;
			children = (
				1B9DD84F2DDCE006005ECE05 /* Package */,
				1B2A4B9D2DD52F1800F85707 /* Config.xcconfig */,
				1BB046522D81321F004B6F3E /* Intuneomator */,
				1BCDDB402DF10206004F7C25 /* IntuneomatorService */,
				1B9DD88E2DDD759C005ECE05 /* IntuneomatorUpdater */,
				1BB0466D2D822AFF004B6F3E /* SharedCode */,
				1B9DDA392DE9F085005ECE05 /* Constants */,
				1BB046AC2D872F90004B6F3E /* LaunchDaemon */,
				1BB046512D81321F004B6F3E /* Products */,
				1BB047292D8A37F1004B6F3E /* LICENSE.md */,
				1BB0472B2D8A406A004B6F3E /* entra-app-setup.md */,
				1B7D2A412D8F94EE0062D053 /* process_label.sh */,
				1B9DD8942DDD798E005ECE05 /* Frameworks */,
			);
			sourceTree = "<group>";
		};
		1BB046512D81321F004B6F3E /* Products */ = {
			isa = PBXGroup;
			children = (
				1BB046502D81321F004B6F3E /* Intuneomator.app */,
				1BB046662D81324E004B6F3E /* IntuneomatorService */,
				1B9DD88D2DDD759C005ECE05 /* IntuneomatorUpdater */,
			);
			name = Products;
			sourceTree = "<group>";
		};
/* End PBXGroup section */

/* Begin PBXNativeTarget section */
		1B9DD88C2DDD759C005ECE05 /* IntuneomatorUpdater */ = {
			isa = PBXNativeTarget;
			buildConfigurationList = 1B9DD8912DDD759C005ECE05 /* Build configuration list for PBXNativeTarget "IntuneomatorUpdater" */;
			buildPhases = (
				1B9DD8892DDD759C005ECE05 /* Sources */,
				1B9DD88A2DDD759C005ECE05 /* Frameworks */,
				1B9DD88B2DDD759C005ECE05 /* CopyFiles */,
			);
			buildRules = (
			);
			dependencies = (
			);
			fileSystemSynchronizedGroups = (
				1B9DD88E2DDD759C005ECE05 /* IntuneomatorUpdater */,
			);
			name = IntuneomatorUpdater;
			packageProductDependencies = (
			);
			productName = IntuneomatorUpdater;
			productReference = 1B9DD88D2DDD759C005ECE05 /* IntuneomatorUpdater */;
			productType = "com.apple.product-type.tool";
		};
		1BB0464F2D81321F004B6F3E /* Intuneomator */ = {
			isa = PBXNativeTarget;
			buildConfigurationList = 1BB0465F2D813221004B6F3E /* Build configuration list for PBXNativeTarget "Intuneomator" */;
			buildPhases = (
				1BB0464C2D81321F004B6F3E /* Sources */,
				1BB0464D2D81321F004B6F3E /* Frameworks */,
				1BB0464E2D81321F004B6F3E /* Resources */,
				1B2A4B9C2DD5274400F85707 /* ShellScript */,
			);
			buildRules = (
			);
			dependencies = (
				1B4FFF062DFA6BC700A1DC34 /* PBXTargetDependency */,
				1B4FFF082DFA6BC700A1DC34 /* PBXTargetDependency */,
			);
			fileSystemSynchronizedGroups = (
				1B9DDA392DE9F085005ECE05 /* Constants */,
				1BB046522D81321F004B6F3E /* Intuneomator */,
				1BB0466D2D822AFF004B6F3E /* SharedCode */,
				1BB046AC2D872F90004B6F3E /* LaunchDaemon */,
			);
			name = Intuneomator;
			packageProductDependencies = (
				1BB046FD2D899E64004B6F3E /* Ink */,
			);
			productName = Intuneomator;
			productReference = 1BB046502D81321F004B6F3E /* Intuneomator.app */;
			productType = "com.apple.product-type.application";
		};
		1BB046652D81324E004B6F3E /* IntuneomatorService */ = {
			isa = PBXNativeTarget;
			buildConfigurationList = 1BB0466A2D81324E004B6F3E /* Build configuration list for PBXNativeTarget "IntuneomatorService" */;
			buildPhases = (
				1BB046622D81324E004B6F3E /* Sources */,
				1BB046632D81324E004B6F3E /* Frameworks */,
				1BB046642D81324E004B6F3E /* CopyFiles */,
			);
			buildRules = (
			);
			dependencies = (
			);
			fileSystemSynchronizedGroups = (
				1BCDDB402DF10206004F7C25 /* IntuneomatorService */,
			);
			name = IntuneomatorService;
			packageProductDependencies = (
			);
			productName = IntuneomatorService;
			productReference = 1BB046662D81324E004B6F3E /* IntuneomatorService */;
			productType = "com.apple.product-type.tool";
		};
/* End PBXNativeTarget section */

/* Begin PBXProject section */
		1BB046482D81321F004B6F3E /* Project object */ = {
			isa = PBXProject;
			attributes = {
				BuildIndependentTargetsInParallel = 1;
				LastSwiftUpdateCheck = 1620;
				LastUpgradeCheck = 1620;
				TargetAttributes = {
					1B9DD88C2DDD759C005ECE05 = {
						CreatedOnToolsVersion = 16.2;
					};
					1BB0464F2D81321F004B6F3E = {
						CreatedOnToolsVersion = 16.2;
					};
					1BB046652D81324E004B6F3E = {
						CreatedOnToolsVersion = 16.2;
					};
				};
			};
			buildConfigurationList = 1BB0464B2D81321F004B6F3E /* Build configuration list for PBXProject "Intuneomator" */;
			developmentRegion = en;
			hasScannedForEncodings = 0;
			knownRegions = (
				en,
				Base,
			);
			mainGroup = 1BB046472D81321F004B6F3E;
			minimizedProjectReferenceProxies = 1;
			packageReferences = (
				1BB046FC2D899E64004B6F3E /* XCRemoteSwiftPackageReference "ink" */,
			);
			preferredProjectObjectVersion = 77;
			productRefGroup = 1BB046512D81321F004B6F3E /* Products */;
			projectDirPath = "";
			projectRoot = "";
			targets = (
				1BB0464F2D81321F004B6F3E /* Intuneomator */,
				1BB046652D81324E004B6F3E /* IntuneomatorService */,
				1B9DD88C2DDD759C005ECE05 /* IntuneomatorUpdater */,
			);
		};
/* End PBXProject section */

/* Begin PBXResourcesBuildPhase section */
		1BB0464E2D81321F004B6F3E /* Resources */ = {
			isa = PBXResourcesBuildPhase;
			buildActionMask = 2147483647;
			files = (
				1BB0472A2D8A37F1004B6F3E /* LICENSE.md in Resources */,
				1B7D2A422D8F94EE0062D053 /* process_label.sh in Resources */,
				1B2A4B9E2DD52F1800F85707 /* Config.xcconfig in Resources */,
				1BB0472C2D8A406A004B6F3E /* entra-app-setup.md in Resources */,
			);
			runOnlyForDeploymentPostprocessing = 0;
		};
/* End PBXResourcesBuildPhase section */

/* Begin PBXShellScriptBuildPhase section */
		1B2A4B9C2DD5274400F85707 /* ShellScript */ = {
			isa = PBXShellScriptBuildPhase;
			alwaysOutOfDate = 1;
			buildActionMask = 2147483647;
			files = (
			);
			inputFileListPaths = (
			);
			inputPaths = (
			);
			outputFileListPaths = (
			);
			outputPaths = (
			);
			runOnlyForDeploymentPostprocessing = 0;
			shellPath = /bin/sh;
			shellScript = "#!/bin/bash\n\n# Path to your xcconfig file\nCONFIG_PATH=\"${PROJECT_DIR}/Config.xcconfig\"\necho \"Config path: $CONFIG_PATH\"\n\n# Check if file exists\nif [ ! -f \"$CONFIG_PATH\" ]; then\n    echo \"Error: Config.xcconfig file not found at $CONFIG_PATH\"\n    exit 1\nfi\n\n# Get the current version from the xcconfig file\ncurrentVersion=$(grep \"CURRENT_PROJECT_VERSION\" \"$CONFIG_PATH\" | cut -d'=' -f2)\necho \"Current version: $currentVersion\"\n\n# Remove any whitespace\ncurrentVersion=$(echo $currentVersion | tr -d '[:space:]')\n\n# Increment the version\nnewVersion=$(($currentVersion + 1))\necho \"New version: $newVersion\"\n\n# Replace the version in the file\nsed -i '' \"s/CURRENT_PROJECT_VERSION=$currentVersion/CURRENT_PROJECT_VERSION=$newVersion/\" \"$CONFIG_PATH\"\necho \"Version updated successfully in Config.xcconfig\"\n\n# Sync daemon version constants after version increment\necho \"Syncing daemon version constants...\"\nDAEMON_SYNC_SCRIPT=\"${PROJECT_DIR}/Scripts/sync-daemon-versions.sh\"\nif [ -f \"$DAEMON_SYNC_SCRIPT\" ]; then\n    \"$DAEMON_SYNC_SCRIPT\"\n    echo \"Daemon versions synced successfully\"\nelse\n    echo \"Warning: Daemon sync script not found at $DAEMON_SYNC_SCRIPT\"\nfi\n";
		};
/* End PBXShellScriptBuildPhase section */

/* Begin PBXSourcesBuildPhase section */
		1B9DD8892DDD759C005ECE05 /* Sources */ = {
			isa = PBXSourcesBuildPhase;
			buildActionMask = 2147483647;
			files = (
			);
			runOnlyForDeploymentPostprocessing = 0;
		};
		1BB0464C2D81321F004B6F3E /* Sources */ = {
			isa = PBXSourcesBuildPhase;
			buildActionMask = 2147483647;
			files = (
			);
			runOnlyForDeploymentPostprocessing = 0;
		};
		1BB046622D81324E004B6F3E /* Sources */ = {
			isa = PBXSourcesBuildPhase;
			buildActionMask = 2147483647;
			files = (
			);
			runOnlyForDeploymentPostprocessing = 0;
		};
/* End PBXSourcesBuildPhase section */

/* Begin PBXTargetDependency section */
		1B4FFF062DFA6BC700A1DC34 /* PBXTargetDependency */ = {
			isa = PBXTargetDependency;
			target = 1BB046652D81324E004B6F3E /* IntuneomatorService */;
			targetProxy = 1B4FFF052DFA6BC700A1DC34 /* PBXContainerItemProxy */;
		};
		1B4FFF082DFA6BC700A1DC34 /* PBXTargetDependency */ = {
			isa = PBXTargetDependency;
			target = 1B9DD88C2DDD759C005ECE05 /* IntuneomatorUpdater */;
			targetProxy = 1B4FFF072DFA6BC700A1DC34 /* PBXContainerItemProxy */;
		};
/* End PBXTargetDependency section */

/* Begin XCBuildConfiguration section */
		1B9DD8922DDD759C005ECE05 /* Debug */ = {
			isa = XCBuildConfiguration;
			buildSettings = {
				CODE_SIGN_STYLE = Automatic;
				CREATE_INFOPLIST_SECTION_IN_BINARY = YES;
				DEVELOPMENT_TEAM = G4MQ57TVLE;
				DONT_GENERATE_INFOPLIST_FILE = NO;
				ENABLE_HARDENED_RUNTIME = YES;
				GENERATE_INFOPLIST_FILE = NO;
				INFOPLIST_FILE = IntuneomatorUpdater/Info.plist;
				INFOPLIST_PREPROCESS = NO;
				MACOSX_DEPLOYMENT_TARGET = 14.5;
				OTHER_LDFLAGS = (
					"\"-sectcreate\"",
					"\"__TEXT\"",
					"\"__info_plist\"",
					"\"$(SRCROOT)/IntuneomatorUpdater/Info.plist\"",
				);
				PRODUCT_BUNDLE_IDENTIFIER = com.gilburns.Intuneomator.updater;
				PRODUCT_NAME = "$(TARGET_NAME)";
				SWIFT_OBJC_BRIDGING_HEADER = "";
				SWIFT_VERSION = 5.0;
			};
			name = Debug;
		};
		1B9DD8932DDD759C005ECE05 /* Release */ = {
			isa = XCBuildConfiguration;
			buildSettings = {
				CODE_SIGN_STYLE = Automatic;
				CREATE_INFOPLIST_SECTION_IN_BINARY = YES;
				DEVELOPMENT_TEAM = G4MQ57TVLE;
				DONT_GENERATE_INFOPLIST_FILE = NO;
				ENABLE_HARDENED_RUNTIME = YES;
				GENERATE_INFOPLIST_FILE = NO;
				INFOPLIST_FILE = IntuneomatorUpdater/Info.plist;
				INFOPLIST_PREPROCESS = NO;
				MACOSX_DEPLOYMENT_TARGET = 14.5;
				ONLY_ACTIVE_ARCH = YES;
				OTHER_LDFLAGS = (
					"\"-sectcreate\"",
					"\"__TEXT\"",
					"\"__info_plist\"",
					"\"$(SRCROOT)/IntuneomatorUpdater/Info.plist\"",
				);
				PRODUCT_BUNDLE_IDENTIFIER = com.gilburns.Intuneomator.updater;
				PRODUCT_NAME = "$(TARGET_NAME)";
				SWIFT_OBJC_BRIDGING_HEADER = "";
				SWIFT_VERSION = 5.0;
			};
			name = Release;
		};
		1BB0465D2D813221004B6F3E /* Debug */ = {
			isa = XCBuildConfiguration;
			buildSettings = {
				ALWAYS_SEARCH_USER_PATHS = NO;
				ASSETCATALOG_COMPILER_GENERATE_SWIFT_ASSET_SYMBOL_EXTENSIONS = YES;
				CLANG_ANALYZER_NONNULL = YES;
				CLANG_ANALYZER_NUMBER_OBJECT_CONVERSION = YES_AGGRESSIVE;
				CLANG_CXX_LANGUAGE_STANDARD = "gnu++20";
				CLANG_ENABLE_MODULES = YES;
				CLANG_ENABLE_OBJC_ARC = YES;
				CLANG_ENABLE_OBJC_WEAK = YES;
				CLANG_WARN_BLOCK_CAPTURE_AUTORELEASING = YES;
				CLANG_WARN_BOOL_CONVERSION = YES;
				CLANG_WARN_COMMA = YES;
				CLANG_WARN_CONSTANT_CONVERSION = YES;
				CLANG_WARN_DEPRECATED_OBJC_IMPLEMENTATIONS = YES;
				CLANG_WARN_DIRECT_OBJC_ISA_USAGE = YES_ERROR;
				CLANG_WARN_DOCUMENTATION_COMMENTS = YES;
				CLANG_WARN_EMPTY_BODY = YES;
				CLANG_WARN_ENUM_CONVERSION = YES;
				CLANG_WARN_INFINITE_RECURSION = YES;
				CLANG_WARN_INT_CONVERSION = YES;
				CLANG_WARN_NON_LITERAL_NULL_CONVERSION = YES;
				CLANG_WARN_OBJC_IMPLICIT_RETAIN_SELF = YES;
				CLANG_WARN_OBJC_LITERAL_CONVERSION = YES;
				CLANG_WARN_OBJC_ROOT_CLASS = YES_ERROR;
				CLANG_WARN_QUOTED_INCLUDE_IN_FRAMEWORK_HEADER = YES;
				CLANG_WARN_RANGE_LOOP_ANALYSIS = YES;
				CLANG_WARN_STRICT_PROTOTYPES = YES;
				CLANG_WARN_SUSPICIOUS_MOVE = YES;
				CLANG_WARN_UNGUARDED_AVAILABILITY = YES_AGGRESSIVE;
				CLANG_WARN_UNREACHABLE_CODE = YES;
				CLANG_WARN__DUPLICATE_METHOD_MATCH = YES;
				COPY_PHASE_STRIP = NO;
				DEBUG_INFORMATION_FORMAT = dwarf;
				ENABLE_STRICT_OBJC_MSGSEND = YES;
				ENABLE_TESTABILITY = YES;
				ENABLE_USER_SCRIPT_SANDBOXING = YES;
				GCC_C_LANGUAGE_STANDARD = gnu17;
				GCC_DYNAMIC_NO_PIC = NO;
				GCC_NO_COMMON_BLOCKS = YES;
				GCC_OPTIMIZATION_LEVEL = 0;
				GCC_PREPROCESSOR_DEFINITIONS = (
					"DEBUG=1",
					"$(inherited)",
				);
				GCC_WARN_64_TO_32_BIT_CONVERSION = YES;
				GCC_WARN_ABOUT_RETURN_TYPE = YES_ERROR;
				GCC_WARN_UNDECLARED_SELECTOR = YES;
				GCC_WARN_UNINITIALIZED_AUTOS = YES_AGGRESSIVE;
				GCC_WARN_UNUSED_FUNCTION = YES;
				GCC_WARN_UNUSED_VARIABLE = YES;
				INFOPLIST_FILE = "";
				LOCALIZATION_PREFERS_STRING_CATALOGS = YES;
				MACOSX_DEPLOYMENT_TARGET = 14.6;
				MTL_ENABLE_DEBUG_INFO = INCLUDE_SOURCE;
				MTL_FAST_MATH = YES;
				ONLY_ACTIVE_ARCH = YES;
				SDKROOT = macosx;
				SWIFT_ACTIVE_COMPILATION_CONDITIONS = "DEBUG $(inherited)";
				SWIFT_OPTIMIZATION_LEVEL = "-Onone";
			};
			name = Debug;
		};
		1BB0465E2D813221004B6F3E /* Release */ = {
			isa = XCBuildConfiguration;
			buildSettings = {
				ALWAYS_SEARCH_USER_PATHS = NO;
				ASSETCATALOG_COMPILER_GENERATE_SWIFT_ASSET_SYMBOL_EXTENSIONS = YES;
				CLANG_ANALYZER_NONNULL = YES;
				CLANG_ANALYZER_NUMBER_OBJECT_CONVERSION = YES_AGGRESSIVE;
				CLANG_CXX_LANGUAGE_STANDARD = "gnu++20";
				CLANG_ENABLE_MODULES = YES;
				CLANG_ENABLE_OBJC_ARC = YES;
				CLANG_ENABLE_OBJC_WEAK = YES;
				CLANG_WARN_BLOCK_CAPTURE_AUTORELEASING = YES;
				CLANG_WARN_BOOL_CONVERSION = YES;
				CLANG_WARN_COMMA = YES;
				CLANG_WARN_CONSTANT_CONVERSION = YES;
				CLANG_WARN_DEPRECATED_OBJC_IMPLEMENTATIONS = YES;
				CLANG_WARN_DIRECT_OBJC_ISA_USAGE = YES_ERROR;
				CLANG_WARN_DOCUMENTATION_COMMENTS = YES;
				CLANG_WARN_EMPTY_BODY = YES;
				CLANG_WARN_ENUM_CONVERSION = YES;
				CLANG_WARN_INFINITE_RECURSION = YES;
				CLANG_WARN_INT_CONVERSION = YES;
				CLANG_WARN_NON_LITERAL_NULL_CONVERSION = YES;
				CLANG_WARN_OBJC_IMPLICIT_RETAIN_SELF = YES;
				CLANG_WARN_OBJC_LITERAL_CONVERSION = YES;
				CLANG_WARN_OBJC_ROOT_CLASS = YES_ERROR;
				CLANG_WARN_QUOTED_INCLUDE_IN_FRAMEWORK_HEADER = YES;
				CLANG_WARN_RANGE_LOOP_ANALYSIS = YES;
				CLANG_WARN_STRICT_PROTOTYPES = YES;
				CLANG_WARN_SUSPICIOUS_MOVE = YES;
				CLANG_WARN_UNGUARDED_AVAILABILITY = YES_AGGRESSIVE;
				CLANG_WARN_UNREACHABLE_CODE = YES;
				CLANG_WARN__DUPLICATE_METHOD_MATCH = YES;
				COPY_PHASE_STRIP = NO;
				DEBUG_INFORMATION_FORMAT = "dwarf-with-dsym";
				ENABLE_NS_ASSERTIONS = NO;
				ENABLE_STRICT_OBJC_MSGSEND = YES;
				ENABLE_USER_SCRIPT_SANDBOXING = YES;
				GCC_C_LANGUAGE_STANDARD = gnu17;
				GCC_NO_COMMON_BLOCKS = YES;
				GCC_WARN_64_TO_32_BIT_CONVERSION = YES;
				GCC_WARN_ABOUT_RETURN_TYPE = YES_ERROR;
				GCC_WARN_UNDECLARED_SELECTOR = YES;
				GCC_WARN_UNINITIALIZED_AUTOS = YES_AGGRESSIVE;
				GCC_WARN_UNUSED_FUNCTION = YES;
				GCC_WARN_UNUSED_VARIABLE = YES;
				INFOPLIST_FILE = "";
				LOCALIZATION_PREFERS_STRING_CATALOGS = YES;
				MACOSX_DEPLOYMENT_TARGET = 14.6;
				MTL_ENABLE_DEBUG_INFO = NO;
				MTL_FAST_MATH = YES;
				ONLY_ACTIVE_ARCH = YES;
				SDKROOT = macosx;
				SWIFT_COMPILATION_MODE = wholemodule;
			};
			name = Release;
		};
		1BB046602D813221004B6F3E /* Debug */ = {
			isa = XCBuildConfiguration;
			baseConfigurationReference = 1B2A4B9D2DD52F1800F85707 /* Config.xcconfig */;
			buildSettings = {
				ASSETCATALOG_COMPILER_APPICON_NAME = AppIcon;
				ASSETCATALOG_COMPILER_GLOBAL_ACCENT_COLOR_NAME = AccentColor;
				ASSETCATALOG_COMPILER_INCLUDE_ALL_APPICON_ASSETS = YES;
				CODE_SIGN_ENTITLEMENTS = Intuneomator/Intuneomator.entitlements;
				CODE_SIGN_STYLE = Automatic;
				COMBINE_HIDPI_IMAGES = YES;
				CURRENT_PROJECT_VERSION = "${CURRENT_PROJECT_VERSION}";
				DEVELOPMENT_TEAM = G4MQ57TVLE;
				ENABLE_HARDENED_RUNTIME = YES;
				GENERATE_INFOPLIST_FILE = YES;
				INFOPLIST_FILE = Intuneomator/Info.plist;
				INFOPLIST_KEY_CFBundleDisplayName = Intuneomator;
				INFOPLIST_KEY_LSApplicationCategoryType = "public.app-category.utilities";
				INFOPLIST_KEY_NSHumanReadableCopyright = "";
				INFOPLIST_KEY_NSMainStoryboardFile = Main;
				INFOPLIST_KEY_NSPrincipalClass = NSApplication;
				LD_RUNPATH_SEARCH_PATHS = (
					"$(inherited)",
					"@executable_path/../Frameworks",
				);
				MACOSX_DEPLOYMENT_TARGET = 14.5;
				MARKETING_VERSION = 1.0.0;
				PRODUCT_BUNDLE_IDENTIFIER = com.gilburns.Intuneomator;
				PRODUCT_NAME = "$(TARGET_NAME)";
				SWIFT_EMIT_LOC_STRINGS = YES;
				SWIFT_VERSION = 5.0;
			};
			name = Debug;
		};
		1BB046612D813221004B6F3E /* Release */ = {
			isa = XCBuildConfiguration;
			baseConfigurationReference = 1B2A4B9D2DD52F1800F85707 /* Config.xcconfig */;
			buildSettings = {
				ASSETCATALOG_COMPILER_APPICON_NAME = AppIcon;
				ASSETCATALOG_COMPILER_GLOBAL_ACCENT_COLOR_NAME = AccentColor;
				ASSETCATALOG_COMPILER_INCLUDE_ALL_APPICON_ASSETS = YES;
				CODE_SIGN_ENTITLEMENTS = Intuneomator/Intuneomator.entitlements;
				CODE_SIGN_STYLE = Automatic;
				COMBINE_HIDPI_IMAGES = YES;
				CURRENT_PROJECT_VERSION = "${CURRENT_PROJECT_VERSION}";
				DEVELOPMENT_TEAM = G4MQ57TVLE;
				ENABLE_HARDENED_RUNTIME = YES;
				GENERATE_INFOPLIST_FILE = YES;
				INFOPLIST_FILE = Intuneomator/Info.plist;
				INFOPLIST_KEY_CFBundleDisplayName = Intuneomator;
				INFOPLIST_KEY_LSApplicationCategoryType = "public.app-category.utilities";
				INFOPLIST_KEY_NSHumanReadableCopyright = "";
				INFOPLIST_KEY_NSMainStoryboardFile = Main;
				INFOPLIST_KEY_NSPrincipalClass = NSApplication;
				LD_RUNPATH_SEARCH_PATHS = (
					"$(inherited)",
					"@executable_path/../Frameworks",
				);
				MACOSX_DEPLOYMENT_TARGET = 14.5;
				MARKETING_VERSION = 1.0.0;
				ONLY_ACTIVE_ARCH = YES;
				PRODUCT_BUNDLE_IDENTIFIER = com.gilburns.Intuneomator;
				PRODUCT_NAME = "$(TARGET_NAME)";
				SWIFT_EMIT_LOC_STRINGS = YES;
				SWIFT_VERSION = 5.0;
			};
			name = Release;
		};
		1BB0466B2D81324E004B6F3E /* Debug */ = {
			isa = XCBuildConfiguration;
			buildSettings = {
				APPLY_RULES_IN_COPY_FILES = NO;
				CODE_SIGN_ENTITLEMENTS = IntuneomatorService/IntuneomatorService.entitlements;
				CODE_SIGN_STYLE = Automatic;
				CREATE_INFOPLIST_SECTION_IN_BINARY = YES;
				DEVELOPMENT_TEAM = G4MQ57TVLE;
				DONT_GENERATE_INFOPLIST_FILE = YES;
				ENABLE_HARDENED_RUNTIME = YES;
				GENERATE_INFOPLIST_FILE = YES;
				INFOPLIST_FILE = IntuneomatorService/Info.plist;
				INFOPLIST_PREPROCESS = YES;
				MACOSX_DEPLOYMENT_TARGET = 14.5;
				PRODUCT_BUNDLE_IDENTIFIER = com.gilburns.Intuneomator.service;
				PRODUCT_NAME = "$(TARGET_NAME)";
				STRINGS_FILE_INFOPLIST_RENAME = NO;
				SWIFT_VERSION = 5.0;
			};
			name = Debug;
		};
		1BB0466C2D81324E004B6F3E /* Release */ = {
			isa = XCBuildConfiguration;
			buildSettings = {
				APPLY_RULES_IN_COPY_FILES = NO;
				CODE_SIGN_ENTITLEMENTS = IntuneomatorService/IntuneomatorService.entitlements;
				CODE_SIGN_STYLE = Automatic;
				CREATE_INFOPLIST_SECTION_IN_BINARY = YES;
				DEVELOPMENT_TEAM = G4MQ57TVLE;
				DONT_GENERATE_INFOPLIST_FILE = YES;
				ENABLE_HARDENED_RUNTIME = YES;
				GENERATE_INFOPLIST_FILE = YES;
				INFOPLIST_FILE = IntuneomatorService/Info.plist;
				INFOPLIST_PREPROCESS = YES;
				MACOSX_DEPLOYMENT_TARGET = 14.5;
				ONLY_ACTIVE_ARCH = YES;
				PRODUCT_BUNDLE_IDENTIFIER = com.gilburns.Intuneomator.service;
				PRODUCT_NAME = "$(TARGET_NAME)";
				STRINGS_FILE_INFOPLIST_RENAME = NO;
				SWIFT_VERSION = 5.0;
			};
			name = Release;
		};
/* End XCBuildConfiguration section */

/* Begin XCConfigurationList section */
		1B9DD8912DDD759C005ECE05 /* Build configuration list for PBXNativeTarget "IntuneomatorUpdater" */ = {
			isa = XCConfigurationList;
			buildConfigurations = (
				1B9DD8922DDD759C005ECE05 /* Debug */,
				1B9DD8932DDD759C005ECE05 /* Release */,
			);
			defaultConfigurationIsVisible = 0;
			defaultConfigurationName = Release;
		};
		1BB0464B2D81321F004B6F3E /* Build configuration list for PBXProject "Intuneomator" */ = {
			isa = XCConfigurationList;
			buildConfigurations = (
				1BB0465D2D813221004B6F3E /* Debug */,
				1BB0465E2D813221004B6F3E /* Release */,
			);
			defaultConfigurationIsVisible = 0;
			defaultConfigurationName = Release;
		};
		1BB0465F2D813221004B6F3E /* Build configuration list for PBXNativeTarget "Intuneomator" */ = {
			isa = XCConfigurationList;
			buildConfigurations = (
				1BB046602D813221004B6F3E /* Debug */,
				1BB046612D813221004B6F3E /* Release */,
			);
			defaultConfigurationIsVisible = 0;
			defaultConfigurationName = Release;
		};
		1BB0466A2D81324E004B6F3E /* Build configuration list for PBXNativeTarget "IntuneomatorService" */ = {
			isa = XCConfigurationList;
			buildConfigurations = (
				1BB0466B2D81324E004B6F3E /* Debug */,
				1BB0466C2D81324E004B6F3E /* Release */,
			);
			defaultConfigurationIsVisible = 0;
			defaultConfigurationName = Release;
		};
/* End XCConfigurationList section */

/* Begin XCRemoteSwiftPackageReference section */
		1BB046FC2D899E64004B6F3E /* XCRemoteSwiftPackageReference "ink" */ = {
			isa = XCRemoteSwiftPackageReference;
			repositoryURL = "https://github.com/johnsundell/ink.git";
			requirement = {
				kind = upToNextMajorVersion;
				minimumVersion = 0.6.0;
			};
		};
/* End XCRemoteSwiftPackageReference section */

/* Begin XCSwiftPackageProductDependency section */
		1BB046FD2D899E64004B6F3E /* Ink */ = {
			isa = XCSwiftPackageProductDependency;
			package = 1BB046FC2D899E64004B6F3E /* XCRemoteSwiftPackageReference "ink" */;
			productName = Ink;
		};
/* End XCSwiftPackageProductDependency section */
	};
	rootObject = 1BB046482D81321F004B6F3E /* Project object */;
}
